<?xml version="1.0" encoding="utf-8"?>
<Project ToolsVersion="4.0" xmlns="http://schemas.microsoft.com/developer/msbuild/2003">
  <ItemGroup>
    <Filter Include="ソース ファイル">
      <UniqueIdentifier>{4FC737F1-C7A5-4376-A066-2A32D752A2FF}</UniqueIdentifier>
      <Extensions>cpp;c;cc;cxx;c++;cppm;ixx;def;odl;idl;hpj;bat;asm;asmx</Extensions>
    </Filter>
    <Filter Include="ヘッダー ファイル">
      <UniqueIdentifier>{93995380-89BD-4b04-88EB-625FBE52EBFB}</UniqueIdentifier>
      <Extensions>h;hh;hpp;hxx;h++;hm;inl;inc;ipp;xsd</Extensions>
    </Filter>
    <Filter Include="リソース ファイル">
      <UniqueIdentifier>{67DA6AB6-F800-4c08-8B7A-83BB121AAD01}</UniqueIdentifier>
      <Extensions>rc;ico;cur;bmp;dlg;rc2;rct;bin;rgs;gif;jpg;jpeg;jpe;resx;tiff;tif;png;wav;mfcribbon-ms</Extensions>
    </Filter>
    <Filter Include="ソース ファイル\Character">
      <UniqueIdentifier>{94b1fca0-0911-46bd-a9bf-1d05533e80eb}</UniqueIdentifier>
    </Filter>
    <Filter Include="ソース ファイル\GameSystem">
      <UniqueIdentifier>{435f95d3-2440-4006-8025-734d7939dd3a}</UniqueIdentifier>
    </Filter>
    <Filter Include="ソース ファイル\Character\GameObject">
      <UniqueIdentifier>{92721057-a833-4c5e-8265-e914eb3fb251}</UniqueIdentifier>
    </Filter>
    <Filter Include="ソース ファイル\GameSystem\GameManager">
      <UniqueIdentifier>{a0f6a68f-e6da-4721-aa95-beed4e0c100d}</UniqueIdentifier>
    </Filter>
  </ItemGroup>
  <ItemGroup>
    <ClCompile Include="..\..\code\main.cpp">
      <Filter>ソース ファイル</Filter>
    </ClCompile>
    <ClCompile Include="..\..\code\Character\GameObject\GameObject.cpp">
      <Filter>ソース ファイル\Character\GameObject</Filter>
    </ClCompile>
    <ClCompile Include="..\..\code\GameSystem\GameManager\GameManager.cpp">
      <Filter>ソース ファイル\GameSystem\GameManager</Filter>
    </ClCompile>
  </ItemGroup>
  <ItemGroup>
    <ClInclude Include="..\..\code\Character\GameObject\GameObject.h">
      <Filter>ソース ファイル\Character\GameObject</Filter>
    </ClInclude>
    <ClInclude Include="..\..\code\GameSystem\GameManager\GameManager.h">
      <Filter>ソース ファイル\GameSystem\GameManager</Filter>
    </ClInclude>
  </ItemGroup>
</Project>