<?xml version="1.0" encoding="utf-8"?>
<Project ToolsVersion="4.0" xmlns="http://schemas.microsoft.com/developer/msbuild/2003">
  <ItemGroup>
    <ClCompile Include="..\..\code\GameSystem\GamseSetting\GameSetting.cpp" />
    <ClCompile Include="..\..\code\GameSystem\Window\Window.cpp" />
    <ClCompile Include="..\..\code\Asset\AssetBase\AssetBase.cpp" />
    <ClCompile Include="..\..\code\Character\GameObject\GameObject.cpp" />
    <ClCompile Include="..\..\code\GameSystem\GameManager\GameManager.cpp" />
    <ClCompile Include="..\..\code\main.cpp" />
    <ClCompile Include="..\..\code\Scene\SceneManager\SceneManager.cpp" />
    <ClCompile Include="..\..\code\Character\PlayCharacterBase\PlayCharacterBase.cpp" />
  </ItemGroup>
  <ItemGroup>
    <ClInclude Include="..\..\code\Asset\AssetBase\AssetBase.h" />
    <ClInclude Include="..\..\code\Scene\SceneManager\SceneManager.h" />
    <ClInclude Include="..\..\code\Character\GameObject\GameObject.h" />
    <ClInclude Include="..\..\code\GameSystem\GameManager\GameManager.h" />
    <ClInclude Include="..\..\code\Character\GameObject\ObjectTag.h" />
    <ClInclude Include="..\..\code\GameSystem\GamseSetting\GameSetting.h" />
    <ClInclude Include="..\..\code\GameSystem\Window\Window.h" />
    <ClInclude Include="..\..\code\Character\PlayCharacterBase\PlayCharacterBase.h" />
  </ItemGroup>
</Project>